
Microsoft Visual Studio Solution File, Format Version 12.00
# Visual Studio 2017
Project("{FAE04EC0-301F-11D3-BF4B-00C04F79EFBC}") = "Trever Smith-Pong", "Trever Smith-Pong.csproj", "{CA350B43-BF77-E1A2-92ED-CB9AE1774CB0}"
EndProject
Global
	GlobalSection(SolutionConfigurationPlatforms) = preSolution
		Debug|Any CPU = Debug|Any CPU
		Release|Any CPU = Release|Any CPU
	EndGlobalSection
	GlobalSection(ProjectConfigurationPlatforms) = postSolution
		{CA350B43-BF77-E1A2-92ED-CB9AE1774CB0}.Debug|Any CPU.ActiveCfg = Debug|Any CPU
		{CA350B43-BF77-E1A2-92ED-CB9AE1774CB0}.Debug|Any CPU.Build.0 = Debug|Any CPU
		{CA350B43-BF77-E1A2-92ED-CB9AE1774CB0}.Release|Any CPU.ActiveCfg = Release|Any CPU
		{CA350B43-BF77-E1A2-92ED-CB9AE1774CB0}.Release|Any CPU.Build.0 = Release|Any CPU
	EndGlobalSection
	GlobalSection(SolutionProperties) = preSolution
		HideSolutionNode = FALSE
	EndGlobalSection
EndGlobal
